{
  "name": "cafe",
  "version": "1.0.0",
  "lockfileVersion": 2,
  "requires": true,
  "packages": {
    "": {
      "name": "cafe",
      "version": "1.0.0",
      "license": "ISC",
      "dependencies": {
        "resetcss": "^1.0.3"
      }
    },
    "node_modules/resetcss": {
      "version": "1.0.3",
      "resolved": "https://registry.npmjs.org/resetcss/-/resetcss-1.0.3.tgz",
      "integrity": "sha512-bH+9WZXiEuskdGp5WHvo5Ug6Nw4aGsztBepugPjK+DA1E21DFgOYMfKHyrfG9mxTgU9HaK7aBq2tlHHbivy9MA==",
      "deprecated": "use xmeter instead: $ npm install xmeter"
    }
  },
  "dependencies": {
    "resetcss": {
      "version": "1.0.3",
      "resolved": "https://registry.npmjs.org/resetcss/-/resetcss-1.0.3.tgz",
      "integrity": "sha512-bH+9WZXiEuskdGp5WHvo5Ug6Nw4aGsztBepugPjK+DA1E21DFgOYMfKHyrfG9mxTgU9HaK7aBq2tlHHbivy9MA=="
    }
  }
}
